
Microsoft Visual Studio Solution File, Format Version 12.00
# Visual Studio Version 17
VisualStudioVersion = 17.13.35931.197 d17.13
MinimumVisualStudioVersion = 10.0.40219.1
Project("{FAE04EC0-301F-11D3-BF4B-00C04F79EFBC}") = "ProductClientHub", "ProductClientHub\ProductClientHub.csproj", "{23894C27-E15A-4415-A16E-900C7702E175}"
EndProject
Project("{FAE04EC0-301F-11D3-BF4B-00C04F79EFBC}") = "ProductClientHub.Communication", "ProductClientHub.Communication\ProductClientHub.Communication.csproj", "{A5DDD2DE-C82C-488A-8DDA-BCDE38AA5E74}"
EndProject
Project("{FAE04EC0-301F-11D3-BF4B-00C04F79EFBC}") = "ProductClientHub.Exceptions", "ProductClientHub.Exception\ProductClientHub.Exceptions.csproj", "{79BA242A-F679-4FB9-BAD0-66D31B580CD6}"
EndProject
Global
	GlobalSection(SolutionConfigurationPlatforms) = preSolution
		Debug|Any CPU = Debug|Any CPU
		Release|Any CPU = Release|Any CPU
	EndGlobalSection
	GlobalSection(ProjectConfigurationPlatforms) = postSolution
		{23894C27-E15A-4415-A16E-900C7702E175}.Debug|Any CPU.ActiveCfg = Debug|Any CPU
		{23894C27-E15A-4415-A16E-900C7702E175}.Debug|Any CPU.Build.0 = Debug|Any CPU
		{23894C27-E15A-4415-A16E-900C7702E175}.Release|Any CPU.ActiveCfg = Release|Any CPU
		{23894C27-E15A-4415-A16E-900C7702E175}.Release|Any CPU.Build.0 = Release|Any CPU
		{A5DDD2DE-C82C-488A-8DDA-BCDE38AA5E74}.Debug|Any CPU.ActiveCfg = Debug|Any CPU
		{A5DDD2DE-C82C-488A-8DDA-BCDE38AA5E74}.Debug|Any CPU.Build.0 = Debug|Any CPU
		{A5DDD2DE-C82C-488A-8DDA-BCDE38AA5E74}.Release|Any CPU.ActiveCfg = Release|Any CPU
		{A5DDD2DE-C82C-488A-8DDA-BCDE38AA5E74}.Release|Any CPU.Build.0 = Release|Any CPU
		{79BA242A-F679-4FB9-BAD0-66D31B580CD6}.Debug|Any CPU.ActiveCfg = Debug|Any CPU
		{79BA242A-F679-4FB9-BAD0-66D31B580CD6}.Debug|Any CPU.Build.0 = Debug|Any CPU
		{79BA242A-F679-4FB9-BAD0-66D31B580CD6}.Release|Any CPU.ActiveCfg = Release|Any CPU
		{79BA242A-F679-4FB9-BAD0-66D31B580CD6}.Release|Any CPU.Build.0 = Release|Any CPU
	EndGlobalSection
	GlobalSection(SolutionProperties) = preSolution
		HideSolutionNode = FALSE
	EndGlobalSection
	GlobalSection(ExtensibilityGlobals) = postSolution
		SolutionGuid = {73F5E84A-35F9-452D-AD96-6D7852D4E181}
	EndGlobalSection
EndGlobal
